
Microsoft Visual Studio Solution File, Format Version 12.00
Project("{FAE04EC0-301F-11D3-BF4B-00C04F79EFBC}") = "ReversiRestApi", "ReversiRestApi\ReversiRestApi.csproj", "{DA51D1A8-21B0-4F96-848F-5ED571BE2335}"
EndProject
Project("{FAE04EC0-301F-11D3-BF4B-00C04F79EFBC}") = "ReversiTest", "ReversiTest\ReversiTest.csproj", "{130C9FC9-13C3-4261-B518-A4DB62E37B3E}"
EndProject
Global
	GlobalSection(SolutionConfigurationPlatforms) = preSolution
		Debug|Any CPU = Debug|Any CPU
		Release|Any CPU = Release|Any CPU
	EndGlobalSection
	GlobalSection(ProjectConfigurationPlatforms) = postSolution
		{DA51D1A8-21B0-4F96-848F-5ED571BE2335}.Debug|Any CPU.ActiveCfg = Debug|Any CPU
		{DA51D1A8-21B0-4F96-848F-5ED571BE2335}.Debug|Any CPU.Build.0 = Debug|Any CPU
		{DA51D1A8-21B0-4F96-848F-5ED571BE2335}.Release|Any CPU.ActiveCfg = Release|Any CPU
		{DA51D1A8-21B0-4F96-848F-5ED571BE2335}.Release|Any CPU.Build.0 = Release|Any CPU
		{130C9FC9-13C3-4261-B518-A4DB62E37B3E}.Debug|Any CPU.ActiveCfg = Debug|Any CPU
		{130C9FC9-13C3-4261-B518-A4DB62E37B3E}.Debug|Any CPU.Build.0 = Debug|Any CPU
		{130C9FC9-13C3-4261-B518-A4DB62E37B3E}.Release|Any CPU.ActiveCfg = Release|Any CPU
		{130C9FC9-13C3-4261-B518-A4DB62E37B3E}.Release|Any CPU.Build.0 = Release|Any CPU
	EndGlobalSection
EndGlobal
